// !$*UTF8*$!
{
	archiveVersion = 1;
	classes = {
	};
	objectVersion = 56;
	objects = {

/* Begin PBXBuildFile section */
		3DDC1A092A78F7FC0034BD12 /* UIView+Borders.swift in Sources */ = {isa = PBXBuildFile; fileRef = 3DDC1A082A78F7FC0034BD12 /* UIView+Borders.swift */; };
		FD2628912A77F2E200E4AB31 /* AppDelegate.swift in Sources */ = {isa = PBXBuildFile; fileRef = FD2628902A77F2E200E4AB31 /* AppDelegate.swift */; };
		FD2628932A77F2E200E4AB31 /* SceneDelegate.swift in Sources */ = {isa = PBXBuildFile; fileRef = FD2628922A77F2E200E4AB31 /* SceneDelegate.swift */; };
		FD2628952A77F2E200E4AB31 /* ViewController.swift in Sources */ = {isa = PBXBuildFile; fileRef = FD2628942A77F2E200E4AB31 /* ViewController.swift */; };
		FD2628982A77F2E200E4AB31 /* Main.storyboard in Resources */ = {isa = PBXBuildFile; fileRef = FD2628962A77F2E200E4AB31 /* Main.storyboard */; };
		FD26289A2A77F2E300E4AB31 /* Assets.xcassets in Resources */ = {isa = PBXBuildFile; fileRef = FD2628992A77F2E300E4AB31 /* Assets.xcassets */; };
		FD26289D2A77F2E300E4AB31 /* LaunchScreen.storyboard in Resources */ = {isa = PBXBuildFile; fileRef = FD26289B2A77F2E300E4AB31 /* LaunchScreen.storyboard */; };
		FD2628A72A77F30E00E4AB31 /* OptionsTableViewCell.swift in Sources */ = {isa = PBXBuildFile; fileRef = FD2628A52A77F30E00E4AB31 /* OptionsTableViewCell.swift */; };
		FD2628A82A77F30E00E4AB31 /* OptionsTableViewCell.xib in Resources */ = {isa = PBXBuildFile; fileRef = FD2628A62A77F30E00E4AB31 /* OptionsTableViewCell.xib */; };
/* End PBXBuildFile section */

/* Begin PBXFileReference section */
		3DDC1A082A78F7FC0034BD12 /* UIView+Borders.swift */ = {isa = PBXFileReference; lastKnownFileType = sourcecode.swift; path = "UIView+Borders.swift"; sourceTree = "<group>"; };
		FD26288D2A77F2E200E4AB31 /* TableViewCellCustomBorderTest.app */ = {isa = PBXFileReference; explicitFileType = wrapper.application; includeInIndex = 0; path = TableViewCellCustomBorderTest.app; sourceTree = BUILT_PRODUCTS_DIR; };
		FD2628902A77F2E200E4AB31 /* AppDelegate.swift */ = {isa = PBXFileReference; lastKnownFileType = sourcecode.swift; path = AppDelegate.swift; sourceTree = "<group>"; };
		FD2628922A77F2E200E4AB31 /* SceneDelegate.swift */ = {isa = PBXFileReference; lastKnownFileType = sourcecode.swift; path = SceneDelegate.swift; sourceTree = "<group>"; };
		FD2628942A77F2E200E4AB31 /* ViewController.swift */ = {isa = PBXFileReference; lastKnownFileType = sourcecode.swift; path = ViewController.swift; sourceTree = "<group>"; };
		FD2628972A77F2E200E4AB31 /* Base */ = {isa = PBXFileReference; lastKnownFileType = file.storyboard; name = Base; path = Base.lproj/Main.storyboard; sourceTree = "<group>"; };
		FD2628992A77F2E300E4AB31 /* Assets.xcassets */ = {isa = PBXFileReference; lastKnownFileType = folder.assetcatalog; path = Assets.xcassets; sourceTree = "<group>"; };
		FD26289C2A77F2E300E4AB31 /* Base */ = {isa = PBXFileReference; lastKnownFileType = file.storyboard; name = Base; path = Base.lproj/LaunchScreen.storyboard; sourceTree = "<group>"; };
		FD26289E2A77F2E300E4AB31 /* Info.plist */ = {isa = PBXFileReference; lastKnownFileType = text.plist.xml; path = Info.plist; sourceTree = "<group>"; };
		FD2628A52A77F30E00E4AB31 /* OptionsTableViewCell.swift */ = {isa = PBXFileReference; lastKnownFileType = sourcecode.swift; path = OptionsTableViewCell.swift; sourceTree = "<group>"; };
		FD2628A62A77F30E00E4AB31 /* OptionsTableViewCell.xib */ = {isa = PBXFileReference; lastKnownFileType = file.xib; path = OptionsTableViewCell.xib; sourceTree = "<group>"; };
/* End PBXFileReference section */

/* Begin PBXFrameworksBuildPhase section */
		FD26288A2A77F2E200E4AB31 /* Frameworks */ = {
			isa = PBXFrameworksBuildPhase;
			buildActionMask = 2147483647;
			files = (
			);
			runOnlyForDeploymentPostprocessing = 0;
		};
/* End PBXFrameworksBuildPhase section */

/* Begin PBXGroup section */
		3DDC1A072A78F7E10034BD12 /* Extensions */ = {
			isa = PBXGroup;
			children = (
				3DDC1A082A78F7FC0034BD12 /* UIView+Borders.swift */,
			);
			path = Extensions;
			sourceTree = "<group>";
		};
		FD2628842A77F2E200E4AB31 = {
			isa = PBXGroup;
			children = (
				FD26288F2A77F2E200E4AB31 /* TableViewCellCustomBorderTest */,
				FD26288E2A77F2E200E4AB31 /* Products */,
			);
			sourceTree = "<group>";
		};
		FD26288E2A77F2E200E4AB31 /* Products */ = {
			isa = PBXGroup;
			children = (
				FD26288D2A77F2E200E4AB31 /* TableViewCellCustomBorderTest.app */,
			);
			name = Products;
			sourceTree = "<group>";
		};
		FD26288F2A77F2E200E4AB31 /* TableViewCellCustomBorderTest */ = {
			isa = PBXGroup;
			children = (
				3DDC1A072A78F7E10034BD12 /* Extensions */,
				FD2628A92A77F3CF00E4AB31 /* Controllers */,
				FD2628A42A77F2F500E4AB31 /* Cells */,
				FD2628902A77F2E200E4AB31 /* AppDelegate.swift */,
				FD2628922A77F2E200E4AB31 /* SceneDelegate.swift */,
				FD2628962A77F2E200E4AB31 /* Main.storyboard */,
				FD2628992A77F2E300E4AB31 /* Assets.xcassets */,
				FD26289B2A77F2E300E4AB31 /* LaunchScreen.storyboard */,
				FD26289E2A77F2E300E4AB31 /* Info.plist */,
			);
			path = TableViewCellCustomBorderTest;
			sourceTree = "<group>";
		};
		FD2628A42A77F2F500E4AB31 /* Cells */ = {
			isa = PBXGroup;
			children = (
				FD2628A52A77F30E00E4AB31 /* OptionsTableViewCell.swift */,
				FD2628A62A77F30E00E4AB31 /* OptionsTableViewCell.xib */,
			);
			path = Cells;
			sourceTree = "<group>";
		};
		FD2628A92A77F3CF00E4AB31 /* Controllers */ = {
			isa = PBXGroup;
			children = (
				FD2628942A77F2E200E4AB31 /* ViewController.swift */,
			);
			path = Controllers;
			sourceTree = "<group>";
		};
/* End PBXGroup section */

/* Begin PBXNativeTarget section */
		FD26288C2A77F2E200E4AB31 /* TableViewCellCustomBorderTest */ = {
			isa = PBXNativeTarget;
			buildConfigurationList = FD2628A12A77F2E300E4AB31 /* Build configuration list for PBXNativeTarget "TableViewCellCustomBorderTest" */;
			buildPhases = (
				FD2628892A77F2E200E4AB31 /* Sources */,
				FD26288A2A77F2E200E4AB31 /* Frameworks */,
				FD26288B2A77F2E200E4AB31 /* Resources */,
			);
			buildRules = (
			);
			dependencies = (
			);
			name = TableViewCellCustomBorderTest;
			productName = TableViewCellCustomBorderTest;
			productReference = FD26288D2A77F2E200E4AB31 /* TableViewCellCustomBorderTest.app */;
			productType = "com.apple.product-type.application";
		};
/* End PBXNativeTarget section */

/* Begin PBXProject section */
		FD2628852A77F2E200E4AB31 /* Project object */ = {
			isa = PBXProject;
			attributes = {
				BuildIndependentTargetsInParallel = 1;
				LastSwiftUpdateCheck = 1430;
				LastUpgradeCheck = 1430;
				TargetAttributes = {
					FD26288C2A77F2E200E4AB31 = {
						CreatedOnToolsVersion = 14.3.1;
					};
				};
			};
			buildConfigurationList = FD2628882A77F2E200E4AB31 /* Build configuration list for PBXProject "TableViewCellCustomBorderTest" */;
			compatibilityVersion = "Xcode 14.0";
			developmentRegion = en;
			hasScannedForEncodings = 0;
			knownRegions = (
				en,
				Base,
			);
			mainGroup = FD2628842A77F2E200E4AB31;
			productRefGroup = FD26288E2A77F2E200E4AB31 /* Products */;
			projectDirPath = "";
			projectRoot = "";
			targets = (
				FD26288C2A77F2E200E4AB31 /* TableViewCellCustomBorderTest */,
			);
		};
/* End PBXProject section */

/* Begin PBXResourcesBuildPhase section */
		FD26288B2A77F2E200E4AB31 /* Resources */ = {
			isa = PBXResourcesBuildPhase;
			buildActionMask = 2147483647;
			files = (
				FD2628A82A77F30E00E4AB31 /* OptionsTableViewCell.xib in Resources */,
				FD26289D2A77F2E300E4AB31 /* LaunchScreen.storyboard in Resources */,
				FD26289A2A77F2E300E4AB31 /* Assets.xcassets in Resources */,
				FD2628982A77F2E200E4AB31 /* Main.storyboard in Resources */,
			);
			runOnlyForDeploymentPostprocessing = 0;
		};
/* End PBXResourcesBuildPhase section */

/* Begin PBXSourcesBuildPhase section */
		FD2628892A77F2E200E4AB31 /* Sources */ = {
			isa = PBXSourcesBuildPhase;
			buildActionMask = 2147483647;
			files = (
				FD2628A72A77F30E00E4AB31 /* OptionsTableViewCell.swift in Sources */,
				FD2628952A77F2E200E4AB31 /* ViewController.swift in Sources */,
				FD2628912A77F2E200E4AB31 /* AppDelegate.swift in Sources */,
				FD2628932A77F2E200E4AB31 /* SceneDelegate.swift in Sources */,
				3DDC1A092A78F7FC0034BD12 /* UIView+Borders.swift in Sources */,
			);
			runOnlyForDeploymentPostprocessing = 0;
		};
/* End PBXSourcesBuildPhase section */

/* Begin PBXVariantGroup section */
		FD2628962A77F2E200E4AB31 /* Main.storyboard */ = {
			isa = PBXVariantGroup;
			children = (
				FD2628972A77F2E200E4AB31 /* Base */,
			);
			name = Main.storyboard;
			sourceTree = "<group>";
		};
		FD26289B2A77F2E300E4AB31 /* LaunchScreen.storyboard */ = {
			isa = PBXVariantGroup;
			children = (
				FD26289C2A77F2E300E4AB31 /* Base */,
			);
			name = LaunchScreen.storyboard;
			sourceTree = "<group>";
		};
/* End PBXVariantGroup section */

/* Begin XCBuildConfiguration section */
		FD26289F2A77F2E300E4AB31 /* Debug */ = {
			isa = XCBuildConfiguration;
			buildSettings = {
				ALWAYS_SEARCH_USER_PATHS = NO;
				CLANG_ANALYZER_NONNULL = YES;
				CLANG_ANALYZER_NUMBER_OBJECT_CONVERSION = YES_AGGRESSIVE;
				CLANG_CXX_LANGUAGE_STANDARD = "gnu++20";
				CLANG_ENABLE_MODULES = YES;
				CLANG_ENABLE_OBJC_ARC = YES;
				CLANG_ENABLE_OBJC_WEAK = YES;
				CLANG_WARN_BLOCK_CAPTURE_AUTORELEASING = YES;
				CLANG_WARN_BOOL_CONVERSION = YES;
				CLANG_WARN_COMMA = YES;
				CLANG_WARN_CONSTANT_CONVERSION = YES;
				CLANG_WARN_DEPRECATED_OBJC_IMPLEMENTATIONS = YES;
				CLANG_WARN_DIRECT_OBJC_ISA_USAGE = YES_ERROR;
				CLANG_WARN_DOCUMENTATION_COMMENTS = YES;
				CLANG_WARN_EMPTY_BODY = YES;
				CLANG_WARN_ENUM_CONVERSION = YES;
				CLANG_WARN_INFINITE_RECURSION = YES;
				CLANG_WARN_INT_CONVERSION = YES;
				CLANG_WARN_NON_LITERAL_NULL_CONVERSION = YES;
				CLANG_WARN_OBJC_IMPLICIT_RETAIN_SELF = YES;
				CLANG_WARN_OBJC_LITERAL_CONVERSION = YES;
				CLANG_WARN_OBJC_ROOT_CLASS = YES_ERROR;
				CLANG_WARN_QUOTED_INCLUDE_IN_FRAMEWORK_HEADER = YES;
				CLANG_WARN_RANGE_LOOP_ANALYSIS = YES;
				CLANG_WARN_STRICT_PROTOTYPES = YES;
				CLANG_WARN_SUSPICIOUS_MOVE = YES;
				CLANG_WARN_UNGUARDED_AVAILABILITY = YES_AGGRESSIVE;
				CLANG_WARN_UNREACHABLE_CODE = YES;
				CLANG_WARN__DUPLICATE_METHOD_MATCH = YES;
				COPY_PHASE_STRIP = NO;
				DEBUG_INFORMATION_FORMAT = dwarf;
				ENABLE_STRICT_OBJC_MSGSEND = YES;
				ENABLE_TESTABILITY = YES;
				GCC_C_LANGUAGE_STANDARD = gnu11;
				GCC_DYNAMIC_NO_PIC = NO;
				GCC_NO_COMMON_BLOCKS = YES;
				GCC_OPTIMIZATION_LEVEL = 0;
				GCC_PREPROCESSOR_DEFINITIONS = (
					"DEBUG=1",
					"$(inherited)",
				);
				GCC_WARN_64_TO_32_BIT_CONVERSION = YES;
				GCC_WARN_ABOUT_RETURN_TYPE = YES_ERROR;
				GCC_WARN_UNDECLARED_SELECTOR = YES;
				GCC_WARN_UNINITIALIZED_AUTOS = YES_AGGRESSIVE;
				GCC_WARN_UNUSED_FUNCTION = YES;
				GCC_WARN_UNUSED_VARIABLE = YES;
				IPHONEOS_DEPLOYMENT_TARGET = 16.4;
				MTL_ENABLE_DEBUG_INFO = INCLUDE_SOURCE;
				MTL_FAST_MATH = YES;
				ONLY_ACTIVE_ARCH = YES;
				SDKROOT = iphoneos;
				SWIFT_ACTIVE_COMPILATION_CONDITIONS = DEBUG;
				SWIFT_OPTIMIZATION_LEVEL = "-Onone";
			};
			name = Debug;
		};
		FD2628A02A77F2E300E4AB31 /* Release */ = {
			isa = XCBuildConfiguration;
			buildSettings = {
				ALWAYS_SEARCH_USER_PATHS = NO;
				CLANG_ANALYZER_NONNULL = YES;
				CLANG_ANALYZER_NUMBER_OBJECT_CONVERSION = YES_AGGRESSIVE;
				CLANG_CXX_LANGUAGE_STANDARD = "gnu++20";
				CLANG_ENABLE_MODULES = YES;
				CLANG_ENABLE_OBJC_ARC = YES;
				CLANG_ENABLE_OBJC_WEAK = YES;
				CLANG_WARN_BLOCK_CAPTURE_AUTORELEASING = YES;
				CLANG_WARN_BOOL_CONVERSION = YES;
				CLANG_WARN_COMMA = YES;
				CLANG_WARN_CONSTANT_CONVERSION = YES;
				CLANG_WARN_DEPRECATED_OBJC_IMPLEMENTATIONS = YES;
				CLANG_WARN_DIRECT_OBJC_ISA_USAGE = YES_ERROR;
				CLANG_WARN_DOCUMENTATION_COMMENTS = YES;
				CLANG_WARN_EMPTY_BODY = YES;
				CLANG_WARN_ENUM_CONVERSION = YES;
				CLANG_WARN_INFINITE_RECURSION = YES;
				CLANG_WARN_INT_CONVERSION = YES;
				CLANG_WARN_NON_LITERAL_NULL_CONVERSION = YES;
				CLANG_WARN_OBJC_IMPLICIT_RETAIN_SELF = YES;
				CLANG_WARN_OBJC_LITERAL_CONVERSION = YES;
				CLANG_WARN_OBJC_ROOT_CLASS = YES_ERROR;
				CLANG_WARN_QUOTED_INCLUDE_IN_FRAMEWORK_HEADER = YES;
				CLANG_WARN_RANGE_LOOP_ANALYSIS = YES;
				CLANG_WARN_STRICT_PROTOTYPES = YES;
				CLANG_WARN_SUSPICIOUS_MOVE = YES;
				CLANG_WARN_UNGUARDED_AVAILABILITY = YES_AGGRESSIVE;
				CLANG_WARN_UNREACHABLE_CODE = YES;
				CLANG_WARN__DUPLICATE_METHOD_MATCH = YES;
				COPY_PHASE_STRIP = NO;
				DEBUG_INFORMATION_FORMAT = "dwarf-with-dsym";
				ENABLE_NS_ASSERTIONS = NO;
				ENABLE_STRICT_OBJC_MSGSEND = YES;
				GCC_C_LANGUAGE_STANDARD = gnu11;
				GCC_NO_COMMON_BLOCKS = YES;
				GCC_WARN_64_TO_32_BIT_CONVERSION = YES;
				GCC_WARN_ABOUT_RETURN_TYPE = YES_ERROR;
				GCC_WARN_UNDECLARED_SELECTOR = YES;
				GCC_WARN_UNINITIALIZED_AUTOS = YES_AGGRESSIVE;
				GCC_WARN_UNUSED_FUNCTION = YES;
				GCC_WARN_UNUSED_VARIABLE = YES;
				IPHONEOS_DEPLOYMENT_TARGET = 16.4;
				MTL_ENABLE_DEBUG_INFO = NO;
				MTL_FAST_MATH = YES;
				SDKROOT = iphoneos;
				SWIFT_COMPILATION_MODE = wholemodule;
				SWIFT_OPTIMIZATION_LEVEL = "-O";
				VALIDATE_PRODUCT = YES;
			};
			name = Release;
		};
		FD2628A22A77F2E300E4AB31 /* Debug */ = {
			isa = XCBuildConfiguration;
			buildSettings = {
				ASSETCATALOG_COMPILER_APPICON_NAME = AppIcon;
				ASSETCATALOG_COMPILER_GLOBAL_ACCENT_COLOR_NAME = AccentColor;
				CODE_SIGN_STYLE = Automatic;
				CURRENT_PROJECT_VERSION = 1;
				DEVELOPMENT_TEAM = 73KCV296Q9;
				GENERATE_INFOPLIST_FILE = YES;
				INFOPLIST_FILE = TableViewCellCustomBorderTest/Info.plist;
				INFOPLIST_KEY_UIApplicationSupportsIndirectInputEvents = YES;
				INFOPLIST_KEY_UILaunchStoryboardName = LaunchScreen;
				INFOPLIST_KEY_UIMainStoryboardFile = Main;
				INFOPLIST_KEY_UISupportedInterfaceOrientations_iPad = "UIInterfaceOrientationPortrait UIInterfaceOrientationPortraitUpsideDown UIInterfaceOrientationLandscapeLeft UIInterfaceOrientationLandscapeRight";
				INFOPLIST_KEY_UISupportedInterfaceOrientations_iPhone = "UIInterfaceOrientationPortrait UIInterfaceOrientationLandscapeLeft UIInterfaceOrientationLandscapeRight";
				LD_RUNPATH_SEARCH_PATHS = (
					"$(inherited)",
					"@executable_path/Frameworks",
				);
				MARKETING_VERSION = 1.0;
				PRODUCT_BUNDLE_IDENTIFIER = com.rehnuma.TableViewCellCustomBorderTest;
				PRODUCT_NAME = "$(TARGET_NAME)";
				SWIFT_EMIT_LOC_STRINGS = YES;
				SWIFT_VERSION = 5.0;
				TARGETED_DEVICE_FAMILY = "1,2";
			};
			name = Debug;
		};
		FD2628A32A77F2E300E4AB31 /* Release */ = {
			isa = XCBuildConfiguration;
			buildSettings = {
				ASSETCATALOG_COMPILER_APPICON_NAME = AppIcon;
				ASSETCATALOG_COMPILER_GLOBAL_ACCENT_COLOR_NAME = AccentColor;
				CODE_SIGN_STYLE = Automatic;
				CURRENT_PROJECT_VERSION = 1;
				DEVELOPMENT_TEAM = 73KCV296Q9;
				GENERATE_INFOPLIST_FILE = YES;
				INFOPLIST_FILE = TableViewCellCustomBorderTest/Info.plist;
				INFOPLIST_KEY_UIApplicationSupportsIndirectInputEvents = YES;
				INFOPLIST_KEY_UILaunchStoryboardName = LaunchScreen;
				INFOPLIST_KEY_UIMainStoryboardFile = Main;
				INFOPLIST_KEY_UISupportedInterfaceOrientations_iPad = "UIInterfaceOrientationPortrait UIInterfaceOrientationPortraitUpsideDown UIInterfaceOrientationLandscapeLeft UIInterfaceOrientationLandscapeRight";
				INFOPLIST_KEY_UISupportedInterfaceOrientations_iPhone = "UIInterfaceOrientationPortrait UIInterfaceOrientationLandscapeLeft UIInterfaceOrientationLandscapeRight";
				LD_RUNPATH_SEARCH_PATHS = (
					"$(inherited)",
					"@executable_path/Frameworks",
				);
				MARKETING_VERSION = 1.0;
				PRODUCT_BUNDLE_IDENTIFIER = com.rehnuma.TableViewCellCustomBorderTest;
				PRODUCT_NAME = "$(TARGET_NAME)";
				SWIFT_EMIT_LOC_STRINGS = YES;
				SWIFT_VERSION = 5.0;
				TARGETED_DEVICE_FAMILY = "1,2";
			};
			name = Release;
		};
/* End XCBuildConfiguration section */

/* Begin XCConfigurationList section */
		FD2628882A77F2E200E4AB31 /* Build configuration list for PBXProject "TableViewCellCustomBorderTest" */ = {
			isa = XCConfigurationList;
			buildConfigurations = (
				FD26289F2A77F2E300E4AB31 /* Debug */,
				FD2628A02A77F2E300E4AB31 /* Release */,
			);
			defaultConfigurationIsVisible = 0;
			defaultConfigurationName = Release;
		};
		FD2628A12A77F2E300E4AB31 /* Build configuration list for PBXNativeTarget "TableViewCellCustomBorderTest" */ = {
			isa = XCConfigurationList;
			buildConfigurations = (
				FD2628A22A77F2E300E4AB31 /* Debug */,
				FD2628A32A77F2E300E4AB31 /* Release */,
			);
			defaultConfigurationIsVisible = 0;
			defaultConfigurationName = Release;
		};
/* End XCConfigurationList section */
	};
	rootObject = FD2628852A77F2E200E4AB31 /* Project object */;
}
